
Microsoft Visual Studio Solution File, Format Version 12.00
# Visual Studio Version 16
VisualStudioVersion = 16.0.30204.135
MinimumVisualStudioVersion = 10.0.40219.1
Project("{8BC9CEB8-8B4A-11D0-8D11-00A0C91BC942}") = "Car", "Car\Car.vcxproj", "{727BC707-0063-4F42-97ED-BC90EAD58A47}"
EndProject
Global
	GlobalSection(SolutionConfigurationPlatforms) = preSolution
		Debug|x64 = Debug|x64
		Debug|x86 = Debug|x86
		Release|x64 = Release|x64
		Release|x86 = Release|x86
	EndGlobalSection
	GlobalSection(ProjectConfigurationPlatforms) = postSolution
		{727BC707-0063-4F42-97ED-BC90EAD58A47}.Debug|x64.ActiveCfg = Debug|x64
		{727BC707-0063-4F42-97ED-BC90EAD58A47}.Debug|x64.Build.0 = Debug|x64
		{727BC707-0063-4F42-97ED-BC90EAD58A47}.Debug|x86.ActiveCfg = Debug|Win32
		{727BC707-0063-4F42-97ED-BC90EAD58A47}.Debug|x86.Build.0 = Debug|Win32
		{727BC707-0063-4F42-97ED-BC90EAD58A47}.Release|x64.ActiveCfg = Release|x64
		{727BC707-0063-4F42-97ED-BC90EAD58A47}.Release|x64.Build.0 = Release|x64
		{727BC707-0063-4F42-97ED-BC90EAD58A47}.Release|x86.ActiveCfg = Release|Win32
		{727BC707-0063-4F42-97ED-BC90EAD58A47}.Release|x86.Build.0 = Release|Win32
	EndGlobalSection
	GlobalSection(SolutionProperties) = preSolution
		HideSolutionNode = FALSE
	EndGlobalSection
	GlobalSection(ExtensibilityGlobals) = postSolution
		SolutionGuid = {6CED58E4-C5C4-4EAA-81DA-4DD82F3D9726}
	EndGlobalSection
EndGlobal
